
Microsoft Visual Studio Solution File, Format Version 12.00
# Visual Studio Version 17
VisualStudioVersion = 17.6.33829.357
MinimumVisualStudioVersion = 10.0.40219.1
Project("{FAE04EC0-301F-11D3-BF4B-00C04F79EFBC}") = "JogoDeAdivinhacao", "JogoDeAdivinhacao\JogoDeAdivinhacao.csproj", "{7040F514-2886-4340-BAB2-12C66F9A334C}"
EndProject
Global
	GlobalSection(SolutionConfigurationPlatforms) = preSolution
		Debug|Any CPU = Debug|Any CPU
		Release|Any CPU = Release|Any CPU
	EndGlobalSection
	GlobalSection(ProjectConfigurationPlatforms) = postSolution
		{7040F514-2886-4340-BAB2-12C66F9A334C}.Debug|Any CPU.ActiveCfg = Debug|Any CPU
		{7040F514-2886-4340-BAB2-12C66F9A334C}.Debug|Any CPU.Build.0 = Debug|Any CPU
		{7040F514-2886-4340-BAB2-12C66F9A334C}.Release|Any CPU.ActiveCfg = Release|Any CPU
		{7040F514-2886-4340-BAB2-12C66F9A334C}.Release|Any CPU.Build.0 = Release|Any CPU
	EndGlobalSection
	GlobalSection(SolutionProperties) = preSolution
		HideSolutionNode = FALSE
	EndGlobalSection
	GlobalSection(ExtensibilityGlobals) = postSolution
		SolutionGuid = {5BBBF419-F8EB-486D-9713-5BFF2485EE3F}
	EndGlobalSection
EndGlobal
